// !$*UTF8*$!
{
	archiveVersion = 1;
	classes = {
	};
	objectVersion = 46;
	objects = {

/* Begin PBXBuildFile section */
		5C46705C19E44CD5009EC01C /* AppDelegate.swift in Sources */ = {isa = PBXBuildFile; fileRef = 5C46705B19E44CD5009EC01C /* AppDelegate.swift */; };
		5C46705E19E44CD5009EC01C /* MasterViewController.swift in Sources */ = {isa = PBXBuildFile; fileRef = 5C46705D19E44CD5009EC01C /* MasterViewController.swift */; };
		5C46706019E44CD5009EC01C /* DetailViewController.swift in Sources */ = {isa = PBXBuildFile; fileRef = 5C46705F19E44CD5009EC01C /* DetailViewController.swift */; };
		5C46706319E44CD5009EC01C /* Main.storyboard in Resources */ = {isa = PBXBuildFile; fileRef = 5C46706119E44CD5009EC01C /* Main.storyboard */; };
		5C46706519E44CD5009EC01C /* Images.xcassets in Resources */ = {isa = PBXBuildFile; fileRef = 5C46706419E44CD5009EC01C /* Images.xcassets */; };
		5C46706819E44CD5009EC01C /* LaunchScreen.xib in Resources */ = {isa = PBXBuildFile; fileRef = 5C46706619E44CD5009EC01C /* LaunchScreen.xib */; };
		5C46707419E44CD5009EC01C /* ClientTests.swift in Sources */ = {isa = PBXBuildFile; fileRef = 5C46707319E44CD5009EC01C /* ClientTests.swift */; };
		5C46708619E59121009EC01C /* Guitar.swift in Sources */ = {isa = PBXBuildFile; fileRef = 5C46708519E59121009EC01C /* Guitar.swift */; };
		5C46708819E59743009EC01C /* API.swift in Sources */ = {isa = PBXBuildFile; fileRef = 5C46708719E59743009EC01C /* API.swift */; };
		5C46708A19E5BDBE009EC01C /* User.swift in Sources */ = {isa = PBXBuildFile; fileRef = 5C46708919E5BDBE009EC01C /* User.swift */; };
		5C46708C19E5CBB0009EC01C /* LoginViewController.swift in Sources */ = {isa = PBXBuildFile; fileRef = 5C46708B19E5CBB0009EC01C /* LoginViewController.swift */; };
		5C7FE72A19E47BDF00AFEB7F /* JSONJoy.framework in Frameworks */ = {isa = PBXBuildFile; fileRef = 5C7FE70F19E47BC600AFEB7F /* JSONJoy.framework */; };
		5C7FE72B19E47BDF00AFEB7F /* Skeets.framework in Frameworks */ = {isa = PBXBuildFile; fileRef = 5C7FE71819E47BCD00AFEB7F /* Skeets.framework */; };
		5C7FE72C19E47BDF00AFEB7F /* SwiftHTTP.framework in Frameworks */ = {isa = PBXBuildFile; fileRef = 5C7FE72119E47BD200AFEB7F /* SwiftHTTP.framework */; };
		5CC8A1621A09853F00BA4764 /* NewGuitarController.swift in Sources */ = {isa = PBXBuildFile; fileRef = 5CC8A1611A09853F00BA4764 /* NewGuitarController.swift */; };
/* End PBXBuildFile section */

/* Begin PBXContainerItemProxy section */
		5C46706E19E44CD5009EC01C /* PBXContainerItemProxy */ = {
			isa = PBXContainerItemProxy;
			containerPortal = 5C46704E19E44CD5009EC01C /* Project object */;
			proxyType = 1;
			remoteGlobalIDString = 5C46705519E44CD5009EC01C;
			remoteInfo = Client;
		};
		5C7FE70E19E47BC600AFEB7F /* PBXContainerItemProxy */ = {
			isa = PBXContainerItemProxy;
			containerPortal = 5C7FE70919E47BC600AFEB7F /* JSONJoy.xcodeproj */;
			proxyType = 2;
			remoteGlobalIDString = 6B3E79B719D355CF006071F7;
			remoteInfo = JSONJoy;
		};
		5C7FE71019E47BC600AFEB7F /* PBXContainerItemProxy */ = {
			isa = PBXContainerItemProxy;
			containerPortal = 5C7FE70919E47BC600AFEB7F /* JSONJoy.xcodeproj */;
			proxyType = 2;
			remoteGlobalIDString = 6B3E79C219D355CF006071F7;
			remoteInfo = JSONJoyTests;
		};
		5C7FE71719E47BCD00AFEB7F /* PBXContainerItemProxy */ = {
			isa = PBXContainerItemProxy;
			containerPortal = 5C7FE71219E47BCD00AFEB7F /* Skeets.xcodeproj */;
			proxyType = 2;
			remoteGlobalIDString = 5CBDE7BC19D9E90D004A4172;
			remoteInfo = Skeets;
		};
		5C7FE71919E47BCD00AFEB7F /* PBXContainerItemProxy */ = {
			isa = PBXContainerItemProxy;
			containerPortal = 5C7FE71219E47BCD00AFEB7F /* Skeets.xcodeproj */;
			proxyType = 2;
			remoteGlobalIDString = 5CBDE7C719D9E90D004A4172;
			remoteInfo = SkeetsTests;
		};
		5C7FE72019E47BD200AFEB7F /* PBXContainerItemProxy */ = {
			isa = PBXContainerItemProxy;
			containerPortal = 5C7FE71B19E47BD200AFEB7F /* SwiftHTTP.xcodeproj */;
			proxyType = 2;
			remoteGlobalIDString = 6BFD901619C8D8B500DD99B6;
			remoteInfo = SwiftHTTP;
		};
		5C7FE72219E47BD200AFEB7F /* PBXContainerItemProxy */ = {
			isa = PBXContainerItemProxy;
			containerPortal = 5C7FE71B19E47BD200AFEB7F /* SwiftHTTP.xcodeproj */;
			proxyType = 2;
			remoteGlobalIDString = 6BFD902119C8D8B500DD99B6;
			remoteInfo = SwiftHTTPTests;
		};
		5C7FE72419E47BDA00AFEB7F /* PBXContainerItemProxy */ = {
			isa = PBXContainerItemProxy;
			containerPortal = 5C7FE70919E47BC600AFEB7F /* JSONJoy.xcodeproj */;
			proxyType = 1;
			remoteGlobalIDString = 6B3E79B619D355CF006071F7;
			remoteInfo = JSONJoy;
		};
		5C7FE72619E47BDA00AFEB7F /* PBXContainerItemProxy */ = {
			isa = PBXContainerItemProxy;
			containerPortal = 5C7FE71219E47BCD00AFEB7F /* Skeets.xcodeproj */;
			proxyType = 1;
			remoteGlobalIDString = 5CBDE7BB19D9E90D004A4172;
			remoteInfo = Skeets;
		};
		5C7FE72819E47BDA00AFEB7F /* PBXContainerItemProxy */ = {
			isa = PBXContainerItemProxy;
			containerPortal = 5C7FE71B19E47BD200AFEB7F /* SwiftHTTP.xcodeproj */;
			proxyType = 1;
			remoteGlobalIDString = 6BFD901519C8D8B500DD99B6;
			remoteInfo = SwiftHTTP;
		};
		5CC8A1661A09854000BA4764 /* PBXContainerItemProxy */ = {
			isa = PBXContainerItemProxy;
			containerPortal = 5C7FE70919E47BC600AFEB7F /* JSONJoy.xcodeproj */;
			proxyType = 2;
			remoteGlobalIDString = D958022E19E6ED8E003C8218;
			remoteInfo = JSONJoyOSX;
		};
		5CC8A1681A09854000BA4764 /* PBXContainerItemProxy */ = {
			isa = PBXContainerItemProxy;
			containerPortal = 5C7FE70919E47BC600AFEB7F /* JSONJoy.xcodeproj */;
			proxyType = 2;
			remoteGlobalIDString = D958023819E6ED8E003C8218;
			remoteInfo = JSONJoyOSXTests;
		};
		5CC8A16D1A09854000BA4764 /* PBXContainerItemProxy */ = {
			isa = PBXContainerItemProxy;
			containerPortal = 5C7FE71219E47BCD00AFEB7F /* Skeets.xcodeproj */;
			proxyType = 2;
			remoteGlobalIDString = 5C68651C19F9A880001E3332;
			remoteInfo = SkeetsOSX;
		};
		5CC8A16F1A09854000BA4764 /* PBXContainerItemProxy */ = {
			isa = PBXContainerItemProxy;
			containerPortal = 5C7FE71219E47BCD00AFEB7F /* Skeets.xcodeproj */;
			proxyType = 2;
			remoteGlobalIDString = 5C68652619F9A880001E3332;
			remoteInfo = SkeetsOSXTests;
		};
		5CC8A1741A09854000BA4764 /* PBXContainerItemProxy */ = {
			isa = PBXContainerItemProxy;
			containerPortal = 5C7FE71B19E47BD200AFEB7F /* SwiftHTTP.xcodeproj */;
			proxyType = 2;
			remoteGlobalIDString = D958025919E6EEEB003C8218;
			remoteInfo = SwiftHTTPOSX;
		};
		5CC8A1761A09854000BA4764 /* PBXContainerItemProxy */ = {
			isa = PBXContainerItemProxy;
			containerPortal = 5C7FE71B19E47BD200AFEB7F /* SwiftHTTP.xcodeproj */;
			proxyType = 2;
			remoteGlobalIDString = D958026319E6EEEB003C8218;
			remoteInfo = SwiftHTTPOSXTests;
		};
/* End PBXContainerItemProxy section */

/* Begin PBXFileReference section */
		5C46705619E44CD5009EC01C /* Client.app */ = {isa = PBXFileReference; explicitFileType = wrapper.application; includeInIndex = 0; path = Client.app; sourceTree = BUILT_PRODUCTS_DIR; };
		5C46705A19E44CD5009EC01C /* Info.plist */ = {isa = PBXFileReference; lastKnownFileType = text.plist.xml; path = Info.plist; sourceTree = "<group>"; };
		5C46705B19E44CD5009EC01C /* AppDelegate.swift */ = {isa = PBXFileReference; lastKnownFileType = sourcecode.swift; path = AppDelegate.swift; sourceTree = "<group>"; };
		5C46705D19E44CD5009EC01C /* MasterViewController.swift */ = {isa = PBXFileReference; lastKnownFileType = sourcecode.swift; path = MasterViewController.swift; sourceTree = "<group>"; };
		5C46705F19E44CD5009EC01C /* DetailViewController.swift */ = {isa = PBXFileReference; lastKnownFileType = sourcecode.swift; path = DetailViewController.swift; sourceTree = "<group>"; };
		5C46706219E44CD5009EC01C /* Base */ = {isa = PBXFileReference; lastKnownFileType = file.storyboard; name = Base; path = Base.lproj/Main.storyboard; sourceTree = "<group>"; };
		5C46706419E44CD5009EC01C /* Images.xcassets */ = {isa = PBXFileReference; lastKnownFileType = folder.assetcatalog; path = Images.xcassets; sourceTree = "<group>"; };
		5C46706719E44CD5009EC01C /* Base */ = {isa = PBXFileReference; lastKnownFileType = file.xib; name = Base; path = Base.lproj/LaunchScreen.xib; sourceTree = "<group>"; };
		5C46706D19E44CD5009EC01C /* ClientTests.xctest */ = {isa = PBXFileReference; explicitFileType = wrapper.cfbundle; includeInIndex = 0; path = ClientTests.xctest; sourceTree = BUILT_PRODUCTS_DIR; };
		5C46707219E44CD5009EC01C /* Info.plist */ = {isa = PBXFileReference; lastKnownFileType = text.plist.xml; path = Info.plist; sourceTree = "<group>"; };
		5C46707319E44CD5009EC01C /* ClientTests.swift */ = {isa = PBXFileReference; lastKnownFileType = sourcecode.swift; path = ClientTests.swift; sourceTree = "<group>"; };
		5C46708519E59121009EC01C /* Guitar.swift */ = {isa = PBXFileReference; fileEncoding = 4; lastKnownFileType = sourcecode.swift; path = Guitar.swift; sourceTree = "<group>"; };
		5C46708719E59743009EC01C /* API.swift */ = {isa = PBXFileReference; fileEncoding = 4; lastKnownFileType = sourcecode.swift; path = API.swift; sourceTree = "<group>"; };
		5C46708919E5BDBE009EC01C /* User.swift */ = {isa = PBXFileReference; fileEncoding = 4; lastKnownFileType = sourcecode.swift; path = User.swift; sourceTree = "<group>"; };
		5C46708B19E5CBB0009EC01C /* LoginViewController.swift */ = {isa = PBXFileReference; fileEncoding = 4; lastKnownFileType = sourcecode.swift; path = LoginViewController.swift; sourceTree = "<group>"; };
		5C7FE70919E47BC600AFEB7F /* JSONJoy.xcodeproj */ = {isa = PBXFileReference; lastKnownFileType = "wrapper.pb-project"; name = JSONJoy.xcodeproj; path = "../libs/JSONJoy-Swift/JSONJoy.xcodeproj"; sourceTree = "<group>"; };
		5C7FE71219E47BCD00AFEB7F /* Skeets.xcodeproj */ = {isa = PBXFileReference; lastKnownFileType = "wrapper.pb-project"; name = Skeets.xcodeproj; path = ../libs/Skeets/Skeets.xcodeproj; sourceTree = "<group>"; };
		5C7FE71B19E47BD200AFEB7F /* SwiftHTTP.xcodeproj */ = {isa = PBXFileReference; lastKnownFileType = "wrapper.pb-project"; name = SwiftHTTP.xcodeproj; path = ../libs/SwiftHTTP/SwiftHTTP.xcodeproj; sourceTree = "<group>"; };
		5CC8A1611A09853F00BA4764 /* NewGuitarController.swift */ = {isa = PBXFileReference; fileEncoding = 4; lastKnownFileType = sourcecode.swift; path = NewGuitarController.swift; sourceTree = "<group>"; };
/* End PBXFileReference section */

/* Begin PBXFrameworksBuildPhase section */
		5C46705319E44CD5009EC01C /* Frameworks */ = {
			isa = PBXFrameworksBuildPhase;
			buildActionMask = 2147483647;
			files = (
				5C7FE72C19E47BDF00AFEB7F /* SwiftHTTP.framework in Frameworks */,
				5C7FE72A19E47BDF00AFEB7F /* JSONJoy.framework in Frameworks */,
				5C7FE72B19E47BDF00AFEB7F /* Skeets.framework in Frameworks */,
			);
			runOnlyForDeploymentPostprocessing = 0;
		};
		5C46706A19E44CD5009EC01C /* Frameworks */ = {
			isa = PBXFrameworksBuildPhase;
			buildActionMask = 2147483647;
			files = (
			);
			runOnlyForDeploymentPostprocessing = 0;
		};
/* End PBXFrameworksBuildPhase section */

/* Begin PBXGroup section */
		5C46704D19E44CD5009EC01C = {
			isa = PBXGroup;
			children = (
				5C46705819E44CD5009EC01C /* Client */,
				5C46707019E44CD5009EC01C /* ClientTests */,
				5C46705719E44CD5009EC01C /* Products */,
				5C7FE70919E47BC600AFEB7F /* JSONJoy.xcodeproj */,
				5C7FE71219E47BCD00AFEB7F /* Skeets.xcodeproj */,
				5C7FE71B19E47BD200AFEB7F /* SwiftHTTP.xcodeproj */,
			);
			sourceTree = "<group>";
		};
		5C46705719E44CD5009EC01C /* Products */ = {
			isa = PBXGroup;
			children = (
				5C46705619E44CD5009EC01C /* Client.app */,
				5C46706D19E44CD5009EC01C /* ClientTests.xctest */,
			);
			name = Products;
			sourceTree = "<group>";
		};
		5C46705819E44CD5009EC01C /* Client */ = {
			isa = PBXGroup;
			children = (
				5C46705B19E44CD5009EC01C /* AppDelegate.swift */,
				5C46705D19E44CD5009EC01C /* MasterViewController.swift */,
				5C46705F19E44CD5009EC01C /* DetailViewController.swift */,
				5C46708B19E5CBB0009EC01C /* LoginViewController.swift */,
				5CC8A1611A09853F00BA4764 /* NewGuitarController.swift */,
				5C46708519E59121009EC01C /* Guitar.swift */,
				5C46708919E5BDBE009EC01C /* User.swift */,
				5C46708719E59743009EC01C /* API.swift */,
				5C46706119E44CD5009EC01C /* Main.storyboard */,
				5C46706419E44CD5009EC01C /* Images.xcassets */,
				5C46706619E44CD5009EC01C /* LaunchScreen.xib */,
				5C46705919E44CD5009EC01C /* Supporting Files */,
			);
			path = Client;
			sourceTree = "<group>";
		};
		5C46705919E44CD5009EC01C /* Supporting Files */ = {
			isa = PBXGroup;
			children = (
				5C46705A19E44CD5009EC01C /* Info.plist */,
			);
			name = "Supporting Files";
			sourceTree = "<group>";
		};
		5C46707019E44CD5009EC01C /* ClientTests */ = {
			isa = PBXGroup;
			children = (
				5C46707319E44CD5009EC01C /* ClientTests.swift */,
				5C46707119E44CD5009EC01C /* Supporting Files */,
			);
			path = ClientTests;
			sourceTree = "<group>";
		};
		5C46707119E44CD5009EC01C /* Supporting Files */ = {
			isa = PBXGroup;
			children = (
				5C46707219E44CD5009EC01C /* Info.plist */,
			);
			name = "Supporting Files";
			sourceTree = "<group>";
		};
		5C7FE70A19E47BC600AFEB7F /* Products */ = {
			isa = PBXGroup;
			children = (
				5C7FE70F19E47BC600AFEB7F /* JSONJoy.framework */,
				5C7FE71119E47BC600AFEB7F /* JSONJoyTests.xctest */,
				5CC8A1671A09854000BA4764 /* JSONJoyOSX.framework */,
				5CC8A1691A09854000BA4764 /* JSONJoyOSXTests.xctest */,
			);
			name = Products;
			sourceTree = "<group>";
		};
		5C7FE71319E47BCD00AFEB7F /* Products */ = {
			isa = PBXGroup;
			children = (
				5C7FE71819E47BCD00AFEB7F /* Skeets.framework */,
				5C7FE71A19E47BCD00AFEB7F /* SkeetsTests.xctest */,
				5CC8A16E1A09854000BA4764 /* SkeetsOSX.framework */,
				5CC8A1701A09854000BA4764 /* SkeetsOSXTests.xctest */,
			);
			name = Products;
			sourceTree = "<group>";
		};
		5C7FE71C19E47BD200AFEB7F /* Products */ = {
			isa = PBXGroup;
			children = (
				5C7FE72119E47BD200AFEB7F /* SwiftHTTP.framework */,
				5C7FE72319E47BD200AFEB7F /* SwiftHTTPTests.xctest */,
				5CC8A1751A09854000BA4764 /* SwiftHTTPOSX.framework */,
				5CC8A1771A09854000BA4764 /* SwiftHTTPOSXTests.xctest */,
			);
			name = Products;
			sourceTree = "<group>";
		};
/* End PBXGroup section */

/* Begin PBXNativeTarget section */
		5C46705519E44CD5009EC01C /* Client */ = {
			isa = PBXNativeTarget;
			buildConfigurationList = 5C46707719E44CD5009EC01C /* Build configuration list for PBXNativeTarget "Client" */;
			buildPhases = (
				5C46705219E44CD5009EC01C /* Sources */,
				5C46705319E44CD5009EC01C /* Frameworks */,
				5C46705419E44CD5009EC01C /* Resources */,
			);
			buildRules = (
			);
			dependencies = (
				5C7FE72919E47BDA00AFEB7F /* PBXTargetDependency */,
				5C7FE72519E47BDA00AFEB7F /* PBXTargetDependency */,
				5C7FE72719E47BDA00AFEB7F /* PBXTargetDependency */,
			);
			name = Client;
			productName = Client;
			productReference = 5C46705619E44CD5009EC01C /* Client.app */;
			productType = "com.apple.product-type.application";
		};
		5C46706C19E44CD5009EC01C /* ClientTests */ = {
			isa = PBXNativeTarget;
			buildConfigurationList = 5C46707A19E44CD5009EC01C /* Build configuration list for PBXNativeTarget "ClientTests" */;
			buildPhases = (
				5C46706919E44CD5009EC01C /* Sources */,
				5C46706A19E44CD5009EC01C /* Frameworks */,
				5C46706B19E44CD5009EC01C /* Resources */,
			);
			buildRules = (
			);
			dependencies = (
				5C46706F19E44CD5009EC01C /* PBXTargetDependency */,
			);
			name = ClientTests;
			productName = ClientTests;
			productReference = 5C46706D19E44CD5009EC01C /* ClientTests.xctest */;
			productType = "com.apple.product-type.bundle.unit-test";
		};
/* End PBXNativeTarget section */

/* Begin PBXProject section */
		5C46704E19E44CD5009EC01C /* Project object */ = {
			isa = PBXProject;
			attributes = {
				LastUpgradeCheck = 0600;
				ORGANIZATIONNAME = vluxe;
				TargetAttributes = {
					5C46705519E44CD5009EC01C = {
						CreatedOnToolsVersion = 6.0.1;
					};
					5C46706C19E44CD5009EC01C = {
						CreatedOnToolsVersion = 6.0.1;
						TestTargetID = 5C46705519E44CD5009EC01C;
					};
				};
			};
			buildConfigurationList = 5C46705119E44CD5009EC01C /* Build configuration list for PBXProject "Client" */;
			compatibilityVersion = "Xcode 3.2";
			developmentRegion = English;
			hasScannedForEncodings = 0;
			knownRegions = (
				en,
				Base,
			);
			mainGroup = 5C46704D19E44CD5009EC01C;
			productRefGroup = 5C46705719E44CD5009EC01C /* Products */;
			projectDirPath = "";
			projectReferences = (
				{
					ProductGroup = 5C7FE70A19E47BC600AFEB7F /* Products */;
					ProjectRef = 5C7FE70919E47BC600AFEB7F /* JSONJoy.xcodeproj */;
				},
				{
					ProductGroup = 5C7FE71319E47BCD00AFEB7F /* Products */;
					ProjectRef = 5C7FE71219E47BCD00AFEB7F /* Skeets.xcodeproj */;
				},
				{
					ProductGroup = 5C7FE71C19E47BD200AFEB7F /* Products */;
					ProjectRef = 5C7FE71B19E47BD200AFEB7F /* SwiftHTTP.xcodeproj */;
				},
			);
			projectRoot = "";
			targets = (
				5C46705519E44CD5009EC01C /* Client */,
				5C46706C19E44CD5009EC01C /* ClientTests */,
			);
		};
/* End PBXProject section */

/* Begin PBXReferenceProxy section */
		5C7FE70F19E47BC600AFEB7F /* JSONJoy.framework */ = {
			isa = PBXReferenceProxy;
			fileType = wrapper.framework;
			path = JSONJoy.framework;
			remoteRef = 5C7FE70E19E47BC600AFEB7F /* PBXContainerItemProxy */;
			sourceTree = BUILT_PRODUCTS_DIR;
		};
		5C7FE71119E47BC600AFEB7F /* JSONJoyTests.xctest */ = {
			isa = PBXReferenceProxy;
			fileType = wrapper.cfbundle;
			path = JSONJoyTests.xctest;
			remoteRef = 5C7FE71019E47BC600AFEB7F /* PBXContainerItemProxy */;
			sourceTree = BUILT_PRODUCTS_DIR;
		};
		5C7FE71819E47BCD00AFEB7F /* Skeets.framework */ = {
			isa = PBXReferenceProxy;
			fileType = wrapper.framework;
			path = Skeets.framework;
			remoteRef = 5C7FE71719E47BCD00AFEB7F /* PBXContainerItemProxy */;
			sourceTree = BUILT_PRODUCTS_DIR;
		};
		5C7FE71A19E47BCD00AFEB7F /* SkeetsTests.xctest */ = {
			isa = PBXReferenceProxy;
			fileType = wrapper.cfbundle;
			path = SkeetsTests.xctest;
			remoteRef = 5C7FE71919E47BCD00AFEB7F /* PBXContainerItemProxy */;
			sourceTree = BUILT_PRODUCTS_DIR;
		};
		5C7FE72119E47BD200AFEB7F /* SwiftHTTP.framework */ = {
			isa = PBXReferenceProxy;
			fileType = wrapper.framework;
			path = SwiftHTTP.framework;
			remoteRef = 5C7FE72019E47BD200AFEB7F /* PBXContainerItemProxy */;
			sourceTree = BUILT_PRODUCTS_DIR;
		};
		5C7FE72319E47BD200AFEB7F /* SwiftHTTPTests.xctest */ = {
			isa = PBXReferenceProxy;
			fileType = wrapper.cfbundle;
			path = SwiftHTTPTests.xctest;
			remoteRef = 5C7FE72219E47BD200AFEB7F /* PBXContainerItemProxy */;
			sourceTree = BUILT_PRODUCTS_DIR;
		};
		5CC8A1671A09854000BA4764 /* JSONJoyOSX.framework */ = {
			isa = PBXReferenceProxy;
			fileType = wrapper.framework;
			path = JSONJoyOSX.framework;
			remoteRef = 5CC8A1661A09854000BA4764 /* PBXContainerItemProxy */;
			sourceTree = BUILT_PRODUCTS_DIR;
		};
		5CC8A1691A09854000BA4764 /* JSONJoyOSXTests.xctest */ = {
			isa = PBXReferenceProxy;
			fileType = wrapper.cfbundle;
			path = JSONJoyOSXTests.xctest;
			remoteRef = 5CC8A1681A09854000BA4764 /* PBXContainerItemProxy */;
			sourceTree = BUILT_PRODUCTS_DIR;
		};
		5CC8A16E1A09854000BA4764 /* SkeetsOSX.framework */ = {
			isa = PBXReferenceProxy;
			fileType = wrapper.framework;
			path = SkeetsOSX.framework;
			remoteRef = 5CC8A16D1A09854000BA4764 /* PBXContainerItemProxy */;
			sourceTree = BUILT_PRODUCTS_DIR;
		};
		5CC8A1701A09854000BA4764 /* SkeetsOSXTests.xctest */ = {
			isa = PBXReferenceProxy;
			fileType = wrapper.cfbundle;
			path = SkeetsOSXTests.xctest;
			remoteRef = 5CC8A16F1A09854000BA4764 /* PBXContainerItemProxy */;
			sourceTree = BUILT_PRODUCTS_DIR;
		};
		5CC8A1751A09854000BA4764 /* SwiftHTTPOSX.framework */ = {
			isa = PBXReferenceProxy;
			fileType = wrapper.framework;
			path = SwiftHTTPOSX.framework;
			remoteRef = 5CC8A1741A09854000BA4764 /* PBXContainerItemProxy */;
			sourceTree = BUILT_PRODUCTS_DIR;
		};
		5CC8A1771A09854000BA4764 /* SwiftHTTPOSXTests.xctest */ = {
			isa = PBXReferenceProxy;
			fileType = wrapper.cfbundle;
			path = SwiftHTTPOSXTests.xctest;
			remoteRef = 5CC8A1761A09854000BA4764 /* PBXContainerItemProxy */;
			sourceTree = BUILT_PRODUCTS_DIR;
		};
/* End PBXReferenceProxy section */

/* Begin PBXResourcesBuildPhase section */
		5C46705419E44CD5009EC01C /* Resources */ = {
			isa = PBXResourcesBuildPhase;
			buildActionMask = 2147483647;
			files = (
				5C46706319E44CD5009EC01C /* Main.storyboard in Resources */,
				5C46706819E44CD5009EC01C /* LaunchScreen.xib in Resources */,
				5C46706519E44CD5009EC01C /* Images.xcassets in Resources */,
			);
			runOnlyForDeploymentPostprocessing = 0;
		};
		5C46706B19E44CD5009EC01C /* Resources */ = {
			isa = PBXResourcesBuildPhase;
			buildActionMask = 2147483647;
			files = (
			);
			runOnlyForDeploymentPostprocessing = 0;
		};
/* End PBXResourcesBuildPhase section */

/* Begin PBXSourcesBuildPhase section */
		5C46705219E44CD5009EC01C /* Sources */ = {
			isa = PBXSourcesBuildPhase;
			buildActionMask = 2147483647;
			files = (
				5C46708C19E5CBB0009EC01C /* LoginViewController.swift in Sources */,
				5C46706019E44CD5009EC01C /* DetailViewController.swift in Sources */,
				5C46705E19E44CD5009EC01C /* MasterViewController.swift in Sources */,
				5C46708A19E5BDBE009EC01C /* User.swift in Sources */,
				5C46705C19E44CD5009EC01C /* AppDelegate.swift in Sources */,
				5C46708619E59121009EC01C /* Guitar.swift in Sources */,
				5CC8A1621A09853F00BA4764 /* NewGuitarController.swift in Sources */,
				5C46708819E59743009EC01C /* API.swift in Sources */,
			);
			runOnlyForDeploymentPostprocessing = 0;
		};
		5C46706919E44CD5009EC01C /* Sources */ = {
			isa = PBXSourcesBuildPhase;
			buildActionMask = 2147483647;
			files = (
				5C46707419E44CD5009EC01C /* ClientTests.swift in Sources */,
			);
			runOnlyForDeploymentPostprocessing = 0;
		};
/* End PBXSourcesBuildPhase section */

/* Begin PBXTargetDependency section */
		5C46706F19E44CD5009EC01C /* PBXTargetDependency */ = {
			isa = PBXTargetDependency;
			target = 5C46705519E44CD5009EC01C /* Client */;
			targetProxy = 5C46706E19E44CD5009EC01C /* PBXContainerItemProxy */;
		};
		5C7FE72519E47BDA00AFEB7F /* PBXTargetDependency */ = {
			isa = PBXTargetDependency;
			name = JSONJoy;
			targetProxy = 5C7FE72419E47BDA00AFEB7F /* PBXContainerItemProxy */;
		};
		5C7FE72719E47BDA00AFEB7F /* PBXTargetDependency */ = {
			isa = PBXTargetDependency;
			name = Skeets;
			targetProxy = 5C7FE72619E47BDA00AFEB7F /* PBXContainerItemProxy */;
		};
		5C7FE72919E47BDA00AFEB7F /* PBXTargetDependency */ = {
			isa = PBXTargetDependency;
			name = SwiftHTTP;
			targetProxy = 5C7FE72819E47BDA00AFEB7F /* PBXContainerItemProxy */;
		};
/* End PBXTargetDependency section */

/* Begin PBXVariantGroup section */
		5C46706119E44CD5009EC01C /* Main.storyboard */ = {
			isa = PBXVariantGroup;
			children = (
				5C46706219E44CD5009EC01C /* Base */,
			);
			name = Main.storyboard;
			sourceTree = "<group>";
		};
		5C46706619E44CD5009EC01C /* LaunchScreen.xib */ = {
			isa = PBXVariantGroup;
			children = (
				5C46706719E44CD5009EC01C /* Base */,
			);
			name = LaunchScreen.xib;
			sourceTree = "<group>";
		};
/* End PBXVariantGroup section */

/* Begin XCBuildConfiguration section */
		5C46707519E44CD5009EC01C /* Debug */ = {
			isa = XCBuildConfiguration;
			buildSettings = {
				ALWAYS_SEARCH_USER_PATHS = NO;
				CLANG_CXX_LANGUAGE_STANDARD = "gnu++0x";
				CLANG_CXX_LIBRARY = "libc++";
				CLANG_ENABLE_MODULES = YES;
				CLANG_ENABLE_OBJC_ARC = YES;
				CLANG_WARN_BOOL_CONVERSION = YES;
				CLANG_WARN_CONSTANT_CONVERSION = YES;
				CLANG_WARN_DIRECT_OBJC_ISA_USAGE = YES_ERROR;
				CLANG_WARN_EMPTY_BODY = YES;
				CLANG_WARN_ENUM_CONVERSION = YES;
				CLANG_WARN_INT_CONVERSION = YES;
				CLANG_WARN_OBJC_ROOT_CLASS = YES_ERROR;
				CLANG_WARN_UNREACHABLE_CODE = YES;
				CLANG_WARN__DUPLICATE_METHOD_MATCH = YES;
				"CODE_SIGN_IDENTITY[sdk=iphoneos*]" = "iPhone Developer";
				COPY_PHASE_STRIP = NO;
				ENABLE_STRICT_OBJC_MSGSEND = YES;
				GCC_C_LANGUAGE_STANDARD = gnu99;
				GCC_DYNAMIC_NO_PIC = NO;
				GCC_OPTIMIZATION_LEVEL = 0;
				GCC_PREPROCESSOR_DEFINITIONS = (
					"DEBUG=1",
					"$(inherited)",
				);
				GCC_SYMBOLS_PRIVATE_EXTERN = NO;
				GCC_WARN_64_TO_32_BIT_CONVERSION = YES;
				GCC_WARN_ABOUT_RETURN_TYPE = YES_ERROR;
				GCC_WARN_UNDECLARED_SELECTOR = YES;
				GCC_WARN_UNINITIALIZED_AUTOS = YES_AGGRESSIVE;
				GCC_WARN_UNUSED_FUNCTION = YES;
				GCC_WARN_UNUSED_VARIABLE = YES;
				IPHONEOS_DEPLOYMENT_TARGET = 8.0;
				MTL_ENABLE_DEBUG_INFO = YES;
				ONLY_ACTIVE_ARCH = YES;
				SDKROOT = iphoneos;
				SWIFT_OPTIMIZATION_LEVEL = "-Onone";
				TARGETED_DEVICE_FAMILY = "1,2";
			};
			name = Debug;
		};
		5C46707619E44CD5009EC01C /* Release */ = {
			isa = XCBuildConfiguration;
			buildSettings = {
				ALWAYS_SEARCH_USER_PATHS = NO;
				CLANG_CXX_LANGUAGE_STANDARD = "gnu++0x";
				CLANG_CXX_LIBRARY = "libc++";
				CLANG_ENABLE_MODULES = YES;
				CLANG_ENABLE_OBJC_ARC = YES;
				CLANG_WARN_BOOL_CONVERSION = YES;
				CLANG_WARN_CONSTANT_CONVERSION = YES;
				CLANG_WARN_DIRECT_OBJC_ISA_USAGE = YES_ERROR;
				CLANG_WARN_EMPTY_BODY = YES;
				CLANG_WARN_ENUM_CONVERSION = YES;
				CLANG_WARN_INT_CONVERSION = YES;
				CLANG_WARN_OBJC_ROOT_CLASS = YES_ERROR;
				CLANG_WARN_UNREACHABLE_CODE = YES;
				CLANG_WARN__DUPLICATE_METHOD_MATCH = YES;
				"CODE_SIGN_IDENTITY[sdk=iphoneos*]" = "iPhone Developer";
				COPY_PHASE_STRIP = YES;
				ENABLE_NS_ASSERTIONS = NO;
				ENABLE_STRICT_OBJC_MSGSEND = YES;
				GCC_C_LANGUAGE_STANDARD = gnu99;
				GCC_WARN_64_TO_32_BIT_CONVERSION = YES;
				GCC_WARN_ABOUT_RETURN_TYPE = YES_ERROR;
				GCC_WARN_UNDECLARED_SELECTOR = YES;
				GCC_WARN_UNINITIALIZED_AUTOS = YES_AGGRESSIVE;
				GCC_WARN_UNUSED_FUNCTION = YES;
				GCC_WARN_UNUSED_VARIABLE = YES;
				IPHONEOS_DEPLOYMENT_TARGET = 8.0;
				MTL_ENABLE_DEBUG_INFO = NO;
				SDKROOT = iphoneos;
				TARGETED_DEVICE_FAMILY = "1,2";
				VALIDATE_PRODUCT = YES;
			};
			name = Release;
		};
		5C46707819E44CD5009EC01C /* Debug */ = {
			isa = XCBuildConfiguration;
			buildSettings = {
				ASSETCATALOG_COMPILER_APPICON_NAME = AppIcon;
				FRAMEWORK_SEARCH_PATHS = (
					"$(inherited)",
					"/Users/dalton/Code/Swift/Swift-API-Project/libs/JSONJoy-Swift/build/Debug-iphoneos",
					"/Users/dalton/Code/Swift/Swift-API-Project/libs/Skeets/build/Debug-iphoneos",
					"/Users/dalton/Code/Swift/Swift-API-Project/libs/SwiftHTTP/build/Debug-iphoneos",
				);
				INFOPLIST_FILE = Client/Info.plist;
				LD_RUNPATH_SEARCH_PATHS = "$(inherited) @executable_path/Frameworks";
				PRODUCT_NAME = "$(TARGET_NAME)";
			};
			name = Debug;
		};
		5C46707919E44CD5009EC01C /* Release */ = {
			isa = XCBuildConfiguration;
			buildSettings = {
				ASSETCATALOG_COMPILER_APPICON_NAME = AppIcon;
				FRAMEWORK_SEARCH_PATHS = (
					"$(inherited)",
					"/Users/dalton/Code/Swift/Swift-API-Project/libs/JSONJoy-Swift/build/Debug-iphoneos",
					"/Users/dalton/Code/Swift/Swift-API-Project/libs/Skeets/build/Debug-iphoneos",
					"/Users/dalton/Code/Swift/Swift-API-Project/libs/SwiftHTTP/build/Debug-iphoneos",
				);
				INFOPLIST_FILE = Client/Info.plist;
				LD_RUNPATH_SEARCH_PATHS = "$(inherited) @executable_path/Frameworks";
				PRODUCT_NAME = "$(TARGET_NAME)";
			};
			name = Release;
		};
		5C46707B19E44CD5009EC01C /* Debug */ = {
			isa = XCBuildConfiguration;
			buildSettings = {
				BUNDLE_LOADER = "$(TEST_HOST)";
				FRAMEWORK_SEARCH_PATHS = (
					"$(SDKROOT)/Developer/Library/Frameworks",
					"$(inherited)",
				);
				GCC_PREPROCESSOR_DEFINITIONS = (
					"DEBUG=1",
					"$(inherited)",
				);
				INFOPLIST_FILE = ClientTests/Info.plist;
				LD_RUNPATH_SEARCH_PATHS = "$(inherited) @executable_path/Frameworks @loader_path/Frameworks";
				PRODUCT_NAME = "$(TARGET_NAME)";
				TEST_HOST = "$(BUILT_PRODUCTS_DIR)/Client.app/Client";
			};
			name = Debug;
		};
		5C46707C19E44CD5009EC01C /* Release */ = {
			isa = XCBuildConfiguration;
			buildSettings = {
				BUNDLE_LOADER = "$(TEST_HOST)";
				FRAMEWORK_SEARCH_PATHS = (
					"$(SDKROOT)/Developer/Library/Frameworks",
					"$(inherited)",
				);
				INFOPLIST_FILE = ClientTests/Info.plist;
				LD_RUNPATH_SEARCH_PATHS = "$(inherited) @executable_path/Frameworks @loader_path/Frameworks";
				PRODUCT_NAME = "$(TARGET_NAME)";
				TEST_HOST = "$(BUILT_PRODUCTS_DIR)/Client.app/Client";
			};
			name = Release;
		};
/* End XCBuildConfiguration section */

/* Begin XCConfigurationList section */
		5C46705119E44CD5009EC01C /* Build configuration list for PBXProject "Client" */ = {
			isa = XCConfigurationList;
			buildConfigurations = (
				5C46707519E44CD5009EC01C /* Debug */,
				5C46707619E44CD5009EC01C /* Release */,
			);
			defaultConfigurationIsVisible = 0;
			defaultConfigurationName = Release;
		};
		5C46707719E44CD5009EC01C /* Build configuration list for PBXNativeTarget "Client" */ = {
			isa = XCConfigurationList;
			buildConfigurations = (
				5C46707819E44CD5009EC01C /* Debug */,
				5C46707919E44CD5009EC01C /* Release */,
			);
			defaultConfigurationIsVisible = 0;
			defaultConfigurationName = Release;
		};
		5C46707A19E44CD5009EC01C /* Build configuration list for PBXNativeTarget "ClientTests" */ = {
			isa = XCConfigurationList;
			buildConfigurations = (
				5C46707B19E44CD5009EC01C /* Debug */,
				5C46707C19E44CD5009EC01C /* Release */,
			);
			defaultConfigurationIsVisible = 0;
			defaultConfigurationName = Release;
		};
/* End XCConfigurationList section */
	};
	rootObject = 5C46704E19E44CD5009EC01C /* Project object */;
}
